<?xml version="1.0" encoding="utf-8"?>
<Project ToolsVersion="4.0" xmlns="http://schemas.microsoft.com/developer/msbuild/2003">
  <ItemGroup>
    <Filter Include="Source Files">
      <UniqueIdentifier>{4FC737F1-C7A5-4376-A066-2A32D752A2FF}</UniqueIdentifier>
      <Extensions>cpp;c;cc;cxx;c++;def;odl;idl;hpj;bat;asm;asmx</Extensions>
    </Filter>
    <Filter Include="Header Files">
      <UniqueIdentifier>{93995380-89BD-4b04-88EB-625FBE52EBFB}</UniqueIdentifier>
      <Extensions>h;hh;hpp;hxx;h++;hm;inl;inc;ipp;xsd</Extensions>
    </Filter>
    <Filter Include="Resource Files">
      <UniqueIdentifier>{67DA6AB6-F800-4c08-8B7A-83BB121AAD01}</UniqueIdentifier>
      <Extensions>rc;ico;cur;bmp;dlg;rc2;rct;bin;rgs;gif;jpg;jpeg;jpe;resx;tiff;tif;png;wav;mfcribbon-ms</Extensions>
    </Filter>
    <Filter Include="Header Files\lib">
      <UniqueIdentifier>{2a3075fa-9b93-4ef3-b6c3-8a71391e5f30}</UniqueIdentifier>
    </Filter>
    <Filter Include="Header Files\lib\cli">
      <UniqueIdentifier>{bdb0e125-7ab9-4b97-bb86-9da5fa62504f}</UniqueIdentifier>
    </Filter>
    <Filter Include="Header Files\lib\cli\detail">
      <UniqueIdentifier>{d4c3f4f5-1914-4948-ba40-63e729f8df21}</UniqueIdentifier>
    </Filter>
  </ItemGroup>
  <ItemGroup>
    <ClCompile Include="AudioBuffer.cpp">
      <Filter>Source Files</Filter>
    </ClCompile>
    <ClCompile Include="main.cpp">
      <Filter>Source Files</Filter>
    </ClCompile>
    <ClCompile Include="Aggregator.cpp">
      <Filter>Source Files</Filter>
    </ClCompile>
    <ClCompile Include="Resampler.cpp">
      <Filter>Source Files</Filter>
    </ClCompile>
    <ClCompile Include="UDPAudioBuffer.cpp">
      <Filter>Source Files</Filter>
    </ClCompile>
    <ClCompile Include="UDP.cpp">
      <Filter>Source Files</Filter>
    </ClCompile>
    <ClCompile Include="RingBufferChannel.cpp">
      <Filter>Source Files</Filter>
    </ClCompile>
  </ItemGroup>
  <ItemGroup>
    <ClInclude Include="AudioBuffer.h">
      <Filter>Header Files</Filter>
    </ClInclude>
    <ClInclude Include="Aggregator.h">
      <Filter>Header Files</Filter>
    </ClInclude>
    <ClInclude Include="config.h">
      <Filter>Header Files</Filter>
    </ClInclude>
    <ClInclude Include="Resampler.h">
      <Filter>Header Files</Filter>
    </ClInclude>
    <ClInclude Include="UDPAudioBuffer.h">
      <Filter>Header Files</Filter>
    </ClInclude>
    <ClInclude Include="UDP.h">
      <Filter>Header Files</Filter>
    </ClInclude>
    <ClInclude Include="Flanger.h">
      <Filter>Header Files</Filter>
    </ClInclude>
    <ClInclude Include="PitchShifter.h">
      <Filter>Header Files</Filter>
    </ClInclude>
    <ClInclude Include="AudioEffect.h">
      <Filter>Header Files</Filter>
    </ClInclude>
    <ClInclude Include="RingBufferChannel.h">
      <Filter>Header Files</Filter>
    </ClInclude>
    <ClInclude Include="lib\cli\cli.h">
      <Filter>Header Files\lib\cli</Filter>
    </ClInclude>
    <ClInclude Include="lib\cli\cliasyncsession.h">
      <Filter>Header Files\lib\cli</Filter>
    </ClInclude>
    <ClInclude Include="lib\cli\clifilesession.h">
      <Filter>Header Files\lib\cli</Filter>
    </ClInclude>
    <ClInclude Include="lib\cli\clilocalsession.h">
      <Filter>Header Files\lib\cli</Filter>
    </ClInclude>
    <ClInclude Include="lib\cli\colorprofile.h">
      <Filter>Header Files\lib\cli</Filter>
    </ClInclude>
    <ClInclude Include="lib\cli\filehistorystorage.h">
      <Filter>Header Files\lib\cli</Filter>
    </ClInclude>
    <ClInclude Include="lib\cli\historystorage.h">
      <Filter>Header Files\lib\cli</Filter>
    </ClInclude>
    <ClInclude Include="lib\cli\remotecli.h">
      <Filter>Header Files\lib\cli</Filter>
    </ClInclude>
    <ClInclude Include="lib\cli\volatilehistorystorage.h">
      <Filter>Header Files\lib\cli</Filter>
    </ClInclude>
    <ClInclude Include="lib\cli\detail\boostasio.h">
      <Filter>Header Files\lib\cli\detail</Filter>
    </ClInclude>
    <ClInclude Include="lib\cli\detail\commonprefix.h">
      <Filter>Header Files\lib\cli\detail</Filter>
    </ClInclude>
    <ClInclude Include="lib\cli\detail\fromstring.h">
      <Filter>Header Files\lib\cli\detail</Filter>
    </ClInclude>
    <ClInclude Include="lib\cli\detail\history.h">
      <Filter>Header Files\lib\cli\detail</Filter>
    </ClInclude>
    <ClInclude Include="lib\cli\detail\inputdevice.h">
      <Filter>Header Files\lib\cli\detail</Filter>
    </ClInclude>
    <ClInclude Include="lib\cli\detail\inputhandler.h">
      <Filter>Header Files\lib\cli\detail</Filter>
    </ClInclude>
    <ClInclude Include="lib\cli\detail\keyboard.h">
      <Filter>Header Files\lib\cli\detail</Filter>
    </ClInclude>
    <ClInclude Include="lib\cli\detail\linuxkeyboard.h">
      <Filter>Header Files\lib\cli\detail</Filter>
    </ClInclude>
    <ClInclude Include="lib\cli\detail\newboostasio.h">
      <Filter>Header Files\lib\cli\detail</Filter>
    </ClInclude>
    <ClInclude Include="lib\cli\detail\oldboostasio.h">
      <Filter>Header Files\lib\cli\detail</Filter>
    </ClInclude>
    <ClInclude Include="lib\cli\detail\rang.h">
      <Filter>Header Files\lib\cli\detail</Filter>
    </ClInclude>
    <ClInclude Include="lib\cli\detail\server.h">
      <Filter>Header Files\lib\cli\detail</Filter>
    </ClInclude>
    <ClInclude Include="lib\cli\detail\split.h">
      <Filter>Header Files\lib\cli\detail</Filter>
    </ClInclude>
    <ClInclude Include="lib\cli\detail\terminal.h">
      <Filter>Header Files\lib\cli\detail</Filter>
    </ClInclude>
    <ClInclude Include="lib\cli\detail\winkeyboard.h">
      <Filter>Header Files\lib\cli\detail</Filter>
    </ClInclude>
  </ItemGroup>
  <ItemGroup>
    <None Include="..\README.md">
      <Filter>Resource Files</Filter>
    </None>
  </ItemGroup>
</Project>